
Microsoft Visual Studio Solution File, Format Version 12.00
# Visual Studio Version 16
VisualStudioVersion = 16.0.30907.101
MinimumVisualStudioVersion = 10.0.40219.1
Project("{FAE04EC0-301F-11D3-BF4B-00C04F79EFBC}") = "Project12-(CodeFirstWorkFlow)", "Project12-(CodeFirstWorkFlow)\Project12-(CodeFirstWorkFlow).csproj", "{3EFF8F43-9BC5-41AB-8E62-03D894451A85}"
EndProject
Global
	GlobalSection(SolutionConfigurationPlatforms) = preSolution
		Debug|Any CPU = Debug|Any CPU
		Release|Any CPU = Release|Any CPU
	EndGlobalSection
	GlobalSection(ProjectConfigurationPlatforms) = postSolution
		{3EFF8F43-9BC5-41AB-8E62-03D894451A85}.Debug|Any CPU.ActiveCfg = Debug|Any CPU
		{3EFF8F43-9BC5-41AB-8E62-03D894451A85}.Debug|Any CPU.Build.0 = Debug|Any CPU
		{3EFF8F43-9BC5-41AB-8E62-03D894451A85}.Release|Any CPU.ActiveCfg = Release|Any CPU
		{3EFF8F43-9BC5-41AB-8E62-03D894451A85}.Release|Any CPU.Build.0 = Release|Any CPU
	EndGlobalSection
	GlobalSection(SolutionProperties) = preSolution
		HideSolutionNode = FALSE
	EndGlobalSection
	GlobalSection(ExtensibilityGlobals) = postSolution
		SolutionGuid = {7CDFEAEE-3E11-4C49-BE8C-E396CBB7B565}
	EndGlobalSection
EndGlobal
